{
  "requires": true,
  "lockfileVersion": 1,
  "dependencies": {
    "expose-loader": {
      "version": "0.7.5",
      "resolved": "https://registry.npmjs.org/expose-loader/-/expose-loader-0.7.5.tgz",
      "integrity": "sha512-iPowgKUZkTPX5PznYsmifVj9Bob0w2wTHVkt/eYNPSzyebkUgIedmskf/kcfEIWpiWjg3JRjnW+a17XypySMuw==",
      "dev": true
    }
  }
}
